
Microsoft Visual Studio Solution File, Format Version 12.00
# Visual Studio 15
VisualStudioVersion = 15.0.27703.2026
MinimumVisualStudioVersion = 10.0.40219.1
Project("{9A19103F-16F7-4668-BE54-9A1E7A4F7556}") = "EntityFrameworkCoreJumpStartWithExpressions.Common", "EntityFrameworkCoreJumpStartWithExpressions.Common\EntityFrameworkCoreJumpStartWithExpressions.Common.csproj", "{10A73D65-16A1-4DCB-AFFB-9AAF888285CA}"
EndProject
Project("{9A19103F-16F7-4668-BE54-9A1E7A4F7556}") = "EntityFrameworkCoreJumpStartWithExpressions.Data", "EntityFrameworkCoreJumpStartWithExpressions.Data\EntityFrameworkCoreJumpStartWithExpressions.Data.csproj", "{1816EFD0-354E-4249-9BA2-985A76864C56}"
EndProject
Project("{9A19103F-16F7-4668-BE54-9A1E7A4F7556}") = "EntityFrameworkCoreJumpStartWithExpressions.WebAPI", "EntityFrameworkCoreJumpStartWithExpressions.WebAPI\EntityFrameworkCoreJumpStartWithExpressions.WebAPI.csproj", "{71CF9E72-2B15-4A6B-94A1-D96F6F5A9E8F}"
EndProject
Global
	GlobalSection(SolutionConfigurationPlatforms) = preSolution
		Debug|Any CPU = Debug|Any CPU
		Release|Any CPU = Release|Any CPU
	EndGlobalSection
	GlobalSection(ProjectConfigurationPlatforms) = postSolution
		{10A73D65-16A1-4DCB-AFFB-9AAF888285CA}.Debug|Any CPU.ActiveCfg = Debug|Any CPU
		{10A73D65-16A1-4DCB-AFFB-9AAF888285CA}.Debug|Any CPU.Build.0 = Debug|Any CPU
		{10A73D65-16A1-4DCB-AFFB-9AAF888285CA}.Release|Any CPU.ActiveCfg = Release|Any CPU
		{10A73D65-16A1-4DCB-AFFB-9AAF888285CA}.Release|Any CPU.Build.0 = Release|Any CPU
		{1816EFD0-354E-4249-9BA2-985A76864C56}.Debug|Any CPU.ActiveCfg = Debug|Any CPU
		{1816EFD0-354E-4249-9BA2-985A76864C56}.Debug|Any CPU.Build.0 = Debug|Any CPU
		{1816EFD0-354E-4249-9BA2-985A76864C56}.Release|Any CPU.ActiveCfg = Release|Any CPU
		{1816EFD0-354E-4249-9BA2-985A76864C56}.Release|Any CPU.Build.0 = Release|Any CPU
		{71CF9E72-2B15-4A6B-94A1-D96F6F5A9E8F}.Debug|Any CPU.ActiveCfg = Debug|Any CPU
		{71CF9E72-2B15-4A6B-94A1-D96F6F5A9E8F}.Debug|Any CPU.Build.0 = Debug|Any CPU
		{71CF9E72-2B15-4A6B-94A1-D96F6F5A9E8F}.Release|Any CPU.ActiveCfg = Release|Any CPU
		{71CF9E72-2B15-4A6B-94A1-D96F6F5A9E8F}.Release|Any CPU.Build.0 = Release|Any CPU
	EndGlobalSection
	GlobalSection(SolutionProperties) = preSolution
		HideSolutionNode = FALSE
	EndGlobalSection
	GlobalSection(ExtensibilityGlobals) = postSolution
		SolutionGuid = {C2AC469E-6137-40EF-A81A-53E4647DC546}
	EndGlobalSection
EndGlobal
